// !$*UTF8*$!
{
	archiveVersion = 1;
	classes = {
	};
	objectVersion = 46;
	objects = {

/* Begin PBXBuildFile section */
		18B9197D1D1CF10A0067574C /* AppDelegate.swift in Sources */ = {isa = PBXBuildFile; fileRef = 18B9197C1D1CF10A0067574C /* AppDelegate.swift */; };
		18B9197F1D1CF10A0067574C /* ViewController.swift in Sources */ = {isa = PBXBuildFile; fileRef = 18B9197E1D1CF10A0067574C /* ViewController.swift */; };
		18B919821D1CF10A0067574C /* Main.storyboard in Resources */ = {isa = PBXBuildFile; fileRef = 18B919801D1CF10A0067574C /* Main.storyboard */; };
		18B919851D1CF10A0067574C /* ForTheTroops.xcdatamodeld in Sources */ = {isa = PBXBuildFile; fileRef = 18B919831D1CF10A0067574C /* ForTheTroops.xcdatamodeld */; };
		18B919871D1CF10A0067574C /* Assets.xcassets in Resources */ = {isa = PBXBuildFile; fileRef = 18B919861D1CF10A0067574C /* Assets.xcassets */; };
		18B9198A1D1CF10A0067574C /* LaunchScreen.storyboard in Resources */ = {isa = PBXBuildFile; fileRef = 18B919881D1CF10A0067574C /* LaunchScreen.storyboard */; };
		18B919951D1CF10A0067574C /* ForTheTroopsTests.swift in Sources */ = {isa = PBXBuildFile; fileRef = 18B919941D1CF10A0067574C /* ForTheTroopsTests.swift */; };
		18B919A01D1CF10A0067574C /* ForTheTroopsUITests.swift in Sources */ = {isa = PBXBuildFile; fileRef = 18B9199F1D1CF10A0067574C /* ForTheTroopsUITests.swift */; };
/* End PBXBuildFile section */

/* Begin PBXContainerItemProxy section */
		18B919911D1CF10A0067574C /* PBXContainerItemProxy */ = {
			isa = PBXContainerItemProxy;
			containerPortal = 18B919711D1CF10A0067574C /* Project object */;
			proxyType = 1;
			remoteGlobalIDString = 18B919781D1CF10A0067574C;
			remoteInfo = ForTheTroops;
		};
		18B9199C1D1CF10A0067574C /* PBXContainerItemProxy */ = {
			isa = PBXContainerItemProxy;
			containerPortal = 18B919711D1CF10A0067574C /* Project object */;
			proxyType = 1;
			remoteGlobalIDString = 18B919781D1CF10A0067574C;
			remoteInfo = ForTheTroops;
		};
/* End PBXContainerItemProxy section */

/* Begin PBXFileReference section */
		18B919791D1CF10A0067574C /* ForTheTroops.app */ = {isa = PBXFileReference; explicitFileType = wrapper.application; includeInIndex = 0; path = ForTheTroops.app; sourceTree = BUILT_PRODUCTS_DIR; };
		18B9197C1D1CF10A0067574C /* AppDelegate.swift */ = {isa = PBXFileReference; lastKnownFileType = sourcecode.swift; path = AppDelegate.swift; sourceTree = "<group>"; };
		18B9197E1D1CF10A0067574C /* ViewController.swift */ = {isa = PBXFileReference; lastKnownFileType = sourcecode.swift; path = ViewController.swift; sourceTree = "<group>"; };
		18B919811D1CF10A0067574C /* Base */ = {isa = PBXFileReference; lastKnownFileType = file.storyboard; name = Base; path = Base.lproj/Main.storyboard; sourceTree = "<group>"; };
		18B919841D1CF10A0067574C /* ForTheTroops.xcdatamodel */ = {isa = PBXFileReference; lastKnownFileType = wrapper.xcdatamodel; path = ForTheTroops.xcdatamodel; sourceTree = "<group>"; };
		18B919861D1CF10A0067574C /* Assets.xcassets */ = {isa = PBXFileReference; lastKnownFileType = folder.assetcatalog; path = Assets.xcassets; sourceTree = "<group>"; };
		18B919891D1CF10A0067574C /* Base */ = {isa = PBXFileReference; lastKnownFileType = file.storyboard; name = Base; path = Base.lproj/LaunchScreen.storyboard; sourceTree = "<group>"; };
		18B9198B1D1CF10A0067574C /* Info.plist */ = {isa = PBXFileReference; lastKnownFileType = text.plist.xml; path = Info.plist; sourceTree = "<group>"; };
		18B919901D1CF10A0067574C /* ForTheTroopsTests.xctest */ = {isa = PBXFileReference; explicitFileType = wrapper.cfbundle; includeInIndex = 0; path = ForTheTroopsTests.xctest; sourceTree = BUILT_PRODUCTS_DIR; };
		18B919941D1CF10A0067574C /* ForTheTroopsTests.swift */ = {isa = PBXFileReference; lastKnownFileType = sourcecode.swift; path = ForTheTroopsTests.swift; sourceTree = "<group>"; };
		18B919961D1CF10A0067574C /* Info.plist */ = {isa = PBXFileReference; lastKnownFileType = text.plist.xml; path = Info.plist; sourceTree = "<group>"; };
		18B9199B1D1CF10A0067574C /* ForTheTroopsUITests.xctest */ = {isa = PBXFileReference; explicitFileType = wrapper.cfbundle; includeInIndex = 0; path = ForTheTroopsUITests.xctest; sourceTree = BUILT_PRODUCTS_DIR; };
		18B9199F1D1CF10A0067574C /* ForTheTroopsUITests.swift */ = {isa = PBXFileReference; lastKnownFileType = sourcecode.swift; path = ForTheTroopsUITests.swift; sourceTree = "<group>"; };
		18B919A11D1CF10A0067574C /* Info.plist */ = {isa = PBXFileReference; lastKnownFileType = text.plist.xml; path = Info.plist; sourceTree = "<group>"; };
/* End PBXFileReference section */

/* Begin PBXFrameworksBuildPhase section */
		18B919761D1CF10A0067574C /* Frameworks */ = {
			isa = PBXFrameworksBuildPhase;
			buildActionMask = 2147483647;
			files = (
			);
			runOnlyForDeploymentPostprocessing = 0;
		};
		18B9198D1D1CF10A0067574C /* Frameworks */ = {
			isa = PBXFrameworksBuildPhase;
			buildActionMask = 2147483647;
			files = (
			);
			runOnlyForDeploymentPostprocessing = 0;
		};
		18B919981D1CF10A0067574C /* Frameworks */ = {
			isa = PBXFrameworksBuildPhase;
			buildActionMask = 2147483647;
			files = (
			);
			runOnlyForDeploymentPostprocessing = 0;
		};
/* End PBXFrameworksBuildPhase section */

/* Begin PBXGroup section */
		18B919701D1CF10A0067574C = {
			isa = PBXGroup;
			children = (
				18B9197B1D1CF10A0067574C /* ForTheTroops */,
				18B919931D1CF10A0067574C /* ForTheTroopsTests */,
				18B9199E1D1CF10A0067574C /* ForTheTroopsUITests */,
				18B9197A1D1CF10A0067574C /* Products */,
			);
			sourceTree = "<group>";
		};
		18B9197A1D1CF10A0067574C /* Products */ = {
			isa = PBXGroup;
			children = (
				18B919791D1CF10A0067574C /* ForTheTroops.app */,
				18B919901D1CF10A0067574C /* ForTheTroopsTests.xctest */,
				18B9199B1D1CF10A0067574C /* ForTheTroopsUITests.xctest */,
			);
			name = Products;
			sourceTree = "<group>";
		};
		18B9197B1D1CF10A0067574C /* ForTheTroops */ = {
			isa = PBXGroup;
			children = (
				18B9197C1D1CF10A0067574C /* AppDelegate.swift */,
				18B9197E1D1CF10A0067574C /* ViewController.swift */,
				18B919801D1CF10A0067574C /* Main.storyboard */,
				18B919861D1CF10A0067574C /* Assets.xcassets */,
				18B919881D1CF10A0067574C /* LaunchScreen.storyboard */,
				18B9198B1D1CF10A0067574C /* Info.plist */,
				18B919831D1CF10A0067574C /* ForTheTroops.xcdatamodeld */,
			);
			path = ForTheTroops;
			sourceTree = "<group>";
		};
		18B919931D1CF10A0067574C /* ForTheTroopsTests */ = {
			isa = PBXGroup;
			children = (
				18B919941D1CF10A0067574C /* ForTheTroopsTests.swift */,
				18B919961D1CF10A0067574C /* Info.plist */,
			);
			path = ForTheTroopsTests;
			sourceTree = "<group>";
		};
		18B9199E1D1CF10A0067574C /* ForTheTroopsUITests */ = {
			isa = PBXGroup;
			children = (
				18B9199F1D1CF10A0067574C /* ForTheTroopsUITests.swift */,
				18B919A11D1CF10A0067574C /* Info.plist */,
			);
			path = ForTheTroopsUITests;
			sourceTree = "<group>";
		};
/* End PBXGroup section */

/* Begin PBXNativeTarget section */
		18B919781D1CF10A0067574C /* ForTheTroops */ = {
			isa = PBXNativeTarget;
			buildConfigurationList = 18B919A41D1CF10A0067574C /* Build configuration list for PBXNativeTarget "ForTheTroops" */;
			buildPhases = (
				18B919751D1CF10A0067574C /* Sources */,
				18B919761D1CF10A0067574C /* Frameworks */,
				18B919771D1CF10A0067574C /* Resources */,
			);
			buildRules = (
			);
			dependencies = (
			);
			name = ForTheTroops;
			productName = ForTheTroops;
			productReference = 18B919791D1CF10A0067574C /* ForTheTroops.app */;
			productType = "com.apple.product-type.application";
		};
		18B9198F1D1CF10A0067574C /* ForTheTroopsTests */ = {
			isa = PBXNativeTarget;
			buildConfigurationList = 18B919A71D1CF10A0067574C /* Build configuration list for PBXNativeTarget "ForTheTroopsTests" */;
			buildPhases = (
				18B9198C1D1CF10A0067574C /* Sources */,
				18B9198D1D1CF10A0067574C /* Frameworks */,
				18B9198E1D1CF10A0067574C /* Resources */,
			);
			buildRules = (
			);
			dependencies = (
				18B919921D1CF10A0067574C /* PBXTargetDependency */,
			);
			name = ForTheTroopsTests;
			productName = ForTheTroopsTests;
			productReference = 18B919901D1CF10A0067574C /* ForTheTroopsTests.xctest */;
			productType = "com.apple.product-type.bundle.unit-test";
		};
		18B9199A1D1CF10A0067574C /* ForTheTroopsUITests */ = {
			isa = PBXNativeTarget;
			buildConfigurationList = 18B919AA1D1CF10A0067574C /* Build configuration list for PBXNativeTarget "ForTheTroopsUITests" */;
			buildPhases = (
				18B919971D1CF10A0067574C /* Sources */,
				18B919981D1CF10A0067574C /* Frameworks */,
				18B919991D1CF10A0067574C /* Resources */,
			);
			buildRules = (
			);
			dependencies = (
				18B9199D1D1CF10A0067574C /* PBXTargetDependency */,
			);
			name = ForTheTroopsUITests;
			productName = ForTheTroopsUITests;
			productReference = 18B9199B1D1CF10A0067574C /* ForTheTroopsUITests.xctest */;
			productType = "com.apple.product-type.bundle.ui-testing";
		};
/* End PBXNativeTarget section */

/* Begin PBXProject section */
		18B919711D1CF10A0067574C /* Project object */ = {
			isa = PBXProject;
			attributes = {
				LastSwiftUpdateCheck = 0730;
				LastUpgradeCheck = 0730;
				ORGANIZATIONNAME = "Wade Sellers";
				TargetAttributes = {
					18B919781D1CF10A0067574C = {
						CreatedOnToolsVersion = 7.3.1;
					};
					18B9198F1D1CF10A0067574C = {
						CreatedOnToolsVersion = 7.3.1;
						TestTargetID = 18B919781D1CF10A0067574C;
					};
					18B9199A1D1CF10A0067574C = {
						CreatedOnToolsVersion = 7.3.1;
						TestTargetID = 18B919781D1CF10A0067574C;
					};
				};
			};
			buildConfigurationList = 18B919741D1CF10A0067574C /* Build configuration list for PBXProject "ForTheTroops" */;
			compatibilityVersion = "Xcode 3.2";
			developmentRegion = English;
			hasScannedForEncodings = 0;
			knownRegions = (
				en,
				Base,
			);
			mainGroup = 18B919701D1CF10A0067574C;
			productRefGroup = 18B9197A1D1CF10A0067574C /* Products */;
			projectDirPath = "";
			projectRoot = "";
			targets = (
				18B919781D1CF10A0067574C /* ForTheTroops */,
				18B9198F1D1CF10A0067574C /* ForTheTroopsTests */,
				18B9199A1D1CF10A0067574C /* ForTheTroopsUITests */,
			);
		};
/* End PBXProject section */

/* Begin PBXResourcesBuildPhase section */
		18B919771D1CF10A0067574C /* Resources */ = {
			isa = PBXResourcesBuildPhase;
			buildActionMask = 2147483647;
			files = (
				18B9198A1D1CF10A0067574C /* LaunchScreen.storyboard in Resources */,
				18B919871D1CF10A0067574C /* Assets.xcassets in Resources */,
				18B919821D1CF10A0067574C /* Main.storyboard in Resources */,
			);
			runOnlyForDeploymentPostprocessing = 0;
		};
		18B9198E1D1CF10A0067574C /* Resources */ = {
			isa = PBXResourcesBuildPhase;
			buildActionMask = 2147483647;
			files = (
			);
			runOnlyForDeploymentPostprocessing = 0;
		};
		18B919991D1CF10A0067574C /* Resources */ = {
			isa = PBXResourcesBuildPhase;
			buildActionMask = 2147483647;
			files = (
			);
			runOnlyForDeploymentPostprocessing = 0;
		};
/* End PBXResourcesBuildPhase section */

/* Begin PBXSourcesBuildPhase section */
		18B919751D1CF10A0067574C /* Sources */ = {
			isa = PBXSourcesBuildPhase;
			buildActionMask = 2147483647;
			files = (
				18B9197F1D1CF10A0067574C /* ViewController.swift in Sources */,
				18B919851D1CF10A0067574C /* ForTheTroops.xcdatamodeld in Sources */,
				18B9197D1D1CF10A0067574C /* AppDelegate.swift in Sources */,
			);
			runOnlyForDeploymentPostprocessing = 0;
		};
		18B9198C1D1CF10A0067574C /* Sources */ = {
			isa = PBXSourcesBuildPhase;
			buildActionMask = 2147483647;
			files = (
				18B919951D1CF10A0067574C /* ForTheTroopsTests.swift in Sources */,
			);
			runOnlyForDeploymentPostprocessing = 0;
		};
		18B919971D1CF10A0067574C /* Sources */ = {
			isa = PBXSourcesBuildPhase;
			buildActionMask = 2147483647;
			files = (
				18B919A01D1CF10A0067574C /* ForTheTroopsUITests.swift in Sources */,
			);
			runOnlyForDeploymentPostprocessing = 0;
		};
/* End PBXSourcesBuildPhase section */

/* Begin PBXTargetDependency section */
		18B919921D1CF10A0067574C /* PBXTargetDependency */ = {
			isa = PBXTargetDependency;
			target = 18B919781D1CF10A0067574C /* ForTheTroops */;
			targetProxy = 18B919911D1CF10A0067574C /* PBXContainerItemProxy */;
		};
		18B9199D1D1CF10A0067574C /* PBXTargetDependency */ = {
			isa = PBXTargetDependency;
			target = 18B919781D1CF10A0067574C /* ForTheTroops */;
			targetProxy = 18B9199C1D1CF10A0067574C /* PBXContainerItemProxy */;
		};
/* End PBXTargetDependency section */

/* Begin PBXVariantGroup section */
		18B919801D1CF10A0067574C /* Main.storyboard */ = {
			isa = PBXVariantGroup;
			children = (
				18B919811D1CF10A0067574C /* Base */,
			);
			name = Main.storyboard;
			sourceTree = "<group>";
		};
		18B919881D1CF10A0067574C /* LaunchScreen.storyboard */ = {
			isa = PBXVariantGroup;
			children = (
				18B919891D1CF10A0067574C /* Base */,
			);
			name = LaunchScreen.storyboard;
			sourceTree = "<group>";
		};
/* End PBXVariantGroup section */

/* Begin XCBuildConfiguration section */
		18B919A21D1CF10A0067574C /* Debug */ = {
			isa = XCBuildConfiguration;
			buildSettings = {
				ALWAYS_SEARCH_USER_PATHS = NO;
				CLANG_ANALYZER_NONNULL = YES;
				CLANG_CXX_LANGUAGE_STANDARD = "gnu++0x";
				CLANG_CXX_LIBRARY = "libc++";
				CLANG_ENABLE_MODULES = YES;
				CLANG_ENABLE_OBJC_ARC = YES;
				CLANG_WARN_BOOL_CONVERSION = YES;
				CLANG_WARN_CONSTANT_CONVERSION = YES;
				CLANG_WARN_DIRECT_OBJC_ISA_USAGE = YES_ERROR;
				CLANG_WARN_EMPTY_BODY = YES;
				CLANG_WARN_ENUM_CONVERSION = YES;
				CLANG_WARN_INT_CONVERSION = YES;
				CLANG_WARN_OBJC_ROOT_CLASS = YES_ERROR;
				CLANG_WARN_UNREACHABLE_CODE = YES;
				CLANG_WARN__DUPLICATE_METHOD_MATCH = YES;
				"CODE_SIGN_IDENTITY[sdk=iphoneos*]" = "iPhone Developer";
				COPY_PHASE_STRIP = NO;
				DEBUG_INFORMATION_FORMAT = dwarf;
				ENABLE_STRICT_OBJC_MSGSEND = YES;
				ENABLE_TESTABILITY = YES;
				GCC_C_LANGUAGE_STANDARD = gnu99;
				GCC_DYNAMIC_NO_PIC = NO;
				GCC_NO_COMMON_BLOCKS = YES;
				GCC_OPTIMIZATION_LEVEL = 0;
				GCC_PREPROCESSOR_DEFINITIONS = (
					"DEBUG=1",
					"$(inherited)",
				);
				GCC_WARN_64_TO_32_BIT_CONVERSION = YES;
				GCC_WARN_ABOUT_RETURN_TYPE = YES_ERROR;
				GCC_WARN_UNDECLARED_SELECTOR = YES;
				GCC_WARN_UNINITIALIZED_AUTOS = YES_AGGRESSIVE;
				GCC_WARN_UNUSED_FUNCTION = YES;
				GCC_WARN_UNUSED_VARIABLE = YES;
				IPHONEOS_DEPLOYMENT_TARGET = 9.3;
				MTL_ENABLE_DEBUG_INFO = YES;
				ONLY_ACTIVE_ARCH = YES;
				SDKROOT = iphoneos;
				SWIFT_OPTIMIZATION_LEVEL = "-Onone";
				TARGETED_DEVICE_FAMILY = "1,2";
			};
			name = Debug;
		};
		18B919A31D1CF10A0067574C /* Release */ = {
			isa = XCBuildConfiguration;
			buildSettings = {
				ALWAYS_SEARCH_USER_PATHS = NO;
				CLANG_ANALYZER_NONNULL = YES;
				CLANG_CXX_LANGUAGE_STANDARD = "gnu++0x";
				CLANG_CXX_LIBRARY = "libc++";
				CLANG_ENABLE_MODULES = YES;
				CLANG_ENABLE_OBJC_ARC = YES;
				CLANG_WARN_BOOL_CONVERSION = YES;
				CLANG_WARN_CONSTANT_CONVERSION = YES;
				CLANG_WARN_DIRECT_OBJC_ISA_USAGE = YES_ERROR;
				CLANG_WARN_EMPTY_BODY = YES;
				CLANG_WARN_ENUM_CONVERSION = YES;
				CLANG_WARN_INT_CONVERSION = YES;
				CLANG_WARN_OBJC_ROOT_CLASS = YES_ERROR;
				CLANG_WARN_UNREACHABLE_CODE = YES;
				CLANG_WARN__DUPLICATE_METHOD_MATCH = YES;
				"CODE_SIGN_IDENTITY[sdk=iphoneos*]" = "iPhone Developer";
				COPY_PHASE_STRIP = NO;
				DEBUG_INFORMATION_FORMAT = "dwarf-with-dsym";
				ENABLE_NS_ASSERTIONS = NO;
				ENABLE_STRICT_OBJC_MSGSEND = YES;
				GCC_C_LANGUAGE_STANDARD = gnu99;
				GCC_NO_COMMON_BLOCKS = YES;
				GCC_WARN_64_TO_32_BIT_CONVERSION = YES;
				GCC_WARN_ABOUT_RETURN_TYPE = YES_ERROR;
				GCC_WARN_UNDECLARED_SELECTOR = YES;
				GCC_WARN_UNINITIALIZED_AUTOS = YES_AGGRESSIVE;
				GCC_WARN_UNUSED_FUNCTION = YES;
				GCC_WARN_UNUSED_VARIABLE = YES;
				IPHONEOS_DEPLOYMENT_TARGET = 9.3;
				MTL_ENABLE_DEBUG_INFO = NO;
				SDKROOT = iphoneos;
				TARGETED_DEVICE_FAMILY = "1,2";
				VALIDATE_PRODUCT = YES;
			};
			name = Release;
		};
		18B919A51D1CF10A0067574C /* Debug */ = {
			isa = XCBuildConfiguration;
			buildSettings = {
				ASSETCATALOG_COMPILER_APPICON_NAME = AppIcon;
				INFOPLIST_FILE = ForTheTroops/Info.plist;
				LD_RUNPATH_SEARCH_PATHS = "$(inherited) @executable_path/Frameworks";
				PRODUCT_BUNDLE_IDENTIFIER = WadeSellers.ForTheTroops;
				PRODUCT_NAME = "$(TARGET_NAME)";
			};
			name = Debug;
		};
		18B919A61D1CF10A0067574C /* Release */ = {
			isa = XCBuildConfiguration;
			buildSettings = {
				ASSETCATALOG_COMPILER_APPICON_NAME = AppIcon;
				INFOPLIST_FILE = ForTheTroops/Info.plist;
				LD_RUNPATH_SEARCH_PATHS = "$(inherited) @executable_path/Frameworks";
				PRODUCT_BUNDLE_IDENTIFIER = WadeSellers.ForTheTroops;
				PRODUCT_NAME = "$(TARGET_NAME)";
			};
			name = Release;
		};
		18B919A81D1CF10A0067574C /* Debug */ = {
			isa = XCBuildConfiguration;
			buildSettings = {
				BUNDLE_LOADER = "$(TEST_HOST)";
				INFOPLIST_FILE = ForTheTroopsTests/Info.plist;
				LD_RUNPATH_SEARCH_PATHS = "$(inherited) @executable_path/Frameworks @loader_path/Frameworks";
				PRODUCT_BUNDLE_IDENTIFIER = WadeSellers.ForTheTroopsTests;
				PRODUCT_NAME = "$(TARGET_NAME)";
				TEST_HOST = "$(BUILT_PRODUCTS_DIR)/ForTheTroops.app/ForTheTroops";
			};
			name = Debug;
		};
		18B919A91D1CF10A0067574C /* Release */ = {
			isa = XCBuildConfiguration;
			buildSettings = {
				BUNDLE_LOADER = "$(TEST_HOST)";
				INFOPLIST_FILE = ForTheTroopsTests/Info.plist;
				LD_RUNPATH_SEARCH_PATHS = "$(inherited) @executable_path/Frameworks @loader_path/Frameworks";
				PRODUCT_BUNDLE_IDENTIFIER = WadeSellers.ForTheTroopsTests;
				PRODUCT_NAME = "$(TARGET_NAME)";
				TEST_HOST = "$(BUILT_PRODUCTS_DIR)/ForTheTroops.app/ForTheTroops";
			};
			name = Release;
		};
		18B919AB1D1CF10A0067574C /* Debug */ = {
			isa = XCBuildConfiguration;
			buildSettings = {
				INFOPLIST_FILE = ForTheTroopsUITests/Info.plist;
				LD_RUNPATH_SEARCH_PATHS = "$(inherited) @executable_path/Frameworks @loader_path/Frameworks";
				PRODUCT_BUNDLE_IDENTIFIER = WadeSellers.ForTheTroopsUITests;
				PRODUCT_NAME = "$(TARGET_NAME)";
				TEST_TARGET_NAME = ForTheTroops;
			};
			name = Debug;
		};
		18B919AC1D1CF10A0067574C /* Release */ = {
			isa = XCBuildConfiguration;
			buildSettings = {
				INFOPLIST_FILE = ForTheTroopsUITests/Info.plist;
				LD_RUNPATH_SEARCH_PATHS = "$(inherited) @executable_path/Frameworks @loader_path/Frameworks";
				PRODUCT_BUNDLE_IDENTIFIER = WadeSellers.ForTheTroopsUITests;
				PRODUCT_NAME = "$(TARGET_NAME)";
				TEST_TARGET_NAME = ForTheTroops;
			};
			name = Release;
		};
/* End XCBuildConfiguration section */

/* Begin XCConfigurationList section */
		18B919741D1CF10A0067574C /* Build configuration list for PBXProject "ForTheTroops" */ = {
			isa = XCConfigurationList;
			buildConfigurations = (
				18B919A21D1CF10A0067574C /* Debug */,
				18B919A31D1CF10A0067574C /* Release */,
			);
			defaultConfigurationIsVisible = 0;
			defaultConfigurationName = Release;
		};
		18B919A41D1CF10A0067574C /* Build configuration list for PBXNativeTarget "ForTheTroops" */ = {
			isa = XCConfigurationList;
			buildConfigurations = (
				18B919A51D1CF10A0067574C /* Debug */,
				18B919A61D1CF10A0067574C /* Release */,
			);
			defaultConfigurationIsVisible = 0;
		};
		18B919A71D1CF10A0067574C /* Build configuration list for PBXNativeTarget "ForTheTroopsTests" */ = {
			isa = XCConfigurationList;
			buildConfigurations = (
				18B919A81D1CF10A0067574C /* Debug */,
				18B919A91D1CF10A0067574C /* Release */,
			);
			defaultConfigurationIsVisible = 0;
		};
		18B919AA1D1CF10A0067574C /* Build configuration list for PBXNativeTarget "ForTheTroopsUITests" */ = {
			isa = XCConfigurationList;
			buildConfigurations = (
				18B919AB1D1CF10A0067574C /* Debug */,
				18B919AC1D1CF10A0067574C /* Release */,
			);
			defaultConfigurationIsVisible = 0;
		};
/* End XCConfigurationList section */

/* Begin XCVersionGroup section */
		18B919831D1CF10A0067574C /* ForTheTroops.xcdatamodeld */ = {
			isa = XCVersionGroup;
			children = (
				18B919841D1CF10A0067574C /* ForTheTroops.xcdatamodel */,
			);
			currentVersion = 18B919841D1CF10A0067574C /* ForTheTroops.xcdatamodel */;
			path = ForTheTroops.xcdatamodeld;
			sourceTree = "<group>";
			versionGroupType = wrapper.xcdatamodel;
		};
/* End XCVersionGroup section */
	};
	rootObject = 18B919711D1CF10A0067574C /* Project object */;
}
